
Microsoft Visual Studio Solution File, Format Version 12.00
Project("{FAE04EC0-301F-11D3-BF4B-00C04F79EFBC}") = "Presentation", "Presentation\Presentation.csproj", "{83022342-9E43-447F-8DEE-1C7671646A76}"
EndProject
Project("{FAE04EC0-301F-11D3-BF4B-00C04F79EFBC}") = "Domain", "Domain\Domain.csproj", "{E0323497-C762-410A-B1C3-72543FDB15B6}"
EndProject
Project("{FAE04EC0-301F-11D3-BF4B-00C04F79EFBC}") = "Application", "Application\Application.csproj", "{C4F23A96-067F-47B9-830E-596AA11785C7}"
EndProject
Project("{FAE04EC0-301F-11D3-BF4B-00C04F79EFBC}") = "Infrastructure", "Infrastructure\Infrastructure.csproj", "{682CED92-6C49-45DA-A288-BFF56760B8A1}"
EndProject
Project("{FAE04EC0-301F-11D3-BF4B-00C04F79EFBC}") = "Persistence", "Persistence\Persistence.csproj", "{65E27DBD-728D-4162-8ADB-EA3C9FDA2C10}"
EndProject
Project("{2150E333-8FDC-42A3-9474-1A3956D46DE8}") = "Src", "Src", "{137FC505-4DE3-46A0-82A3-0EE5EF874E88}"
EndProject
Project("{2150E333-8FDC-42A3-9474-1A3956D46DE8}") = "Tests", "Tests", "{B76D338F-F250-4ECE-B09E-B1F613FC0B8E}"
EndProject
Project("{FAE04EC0-301F-11D3-BF4B-00C04F79EFBC}") = "Application.Tests", "Application.Tests\Application.Tests.csproj", "{D429BD3E-BE32-4FF3-BE90-33B87FCE7527}"
EndProject
Global
	GlobalSection(SolutionConfigurationPlatforms) = preSolution
		Debug|Any CPU = Debug|Any CPU
		Release|Any CPU = Release|Any CPU
	EndGlobalSection
	GlobalSection(ProjectConfigurationPlatforms) = postSolution
		{83022342-9E43-447F-8DEE-1C7671646A76}.Debug|Any CPU.ActiveCfg = Debug|Any CPU
		{83022342-9E43-447F-8DEE-1C7671646A76}.Debug|Any CPU.Build.0 = Debug|Any CPU
		{83022342-9E43-447F-8DEE-1C7671646A76}.Release|Any CPU.ActiveCfg = Release|Any CPU
		{83022342-9E43-447F-8DEE-1C7671646A76}.Release|Any CPU.Build.0 = Release|Any CPU
		{E0323497-C762-410A-B1C3-72543FDB15B6}.Debug|Any CPU.ActiveCfg = Debug|Any CPU
		{E0323497-C762-410A-B1C3-72543FDB15B6}.Debug|Any CPU.Build.0 = Debug|Any CPU
		{E0323497-C762-410A-B1C3-72543FDB15B6}.Release|Any CPU.ActiveCfg = Release|Any CPU
		{E0323497-C762-410A-B1C3-72543FDB15B6}.Release|Any CPU.Build.0 = Release|Any CPU
		{C4F23A96-067F-47B9-830E-596AA11785C7}.Debug|Any CPU.ActiveCfg = Debug|Any CPU
		{C4F23A96-067F-47B9-830E-596AA11785C7}.Debug|Any CPU.Build.0 = Debug|Any CPU
		{C4F23A96-067F-47B9-830E-596AA11785C7}.Release|Any CPU.ActiveCfg = Release|Any CPU
		{C4F23A96-067F-47B9-830E-596AA11785C7}.Release|Any CPU.Build.0 = Release|Any CPU
		{682CED92-6C49-45DA-A288-BFF56760B8A1}.Debug|Any CPU.ActiveCfg = Debug|Any CPU
		{682CED92-6C49-45DA-A288-BFF56760B8A1}.Debug|Any CPU.Build.0 = Debug|Any CPU
		{682CED92-6C49-45DA-A288-BFF56760B8A1}.Release|Any CPU.ActiveCfg = Release|Any CPU
		{682CED92-6C49-45DA-A288-BFF56760B8A1}.Release|Any CPU.Build.0 = Release|Any CPU
		{65E27DBD-728D-4162-8ADB-EA3C9FDA2C10}.Debug|Any CPU.ActiveCfg = Debug|Any CPU
		{65E27DBD-728D-4162-8ADB-EA3C9FDA2C10}.Debug|Any CPU.Build.0 = Debug|Any CPU
		{65E27DBD-728D-4162-8ADB-EA3C9FDA2C10}.Release|Any CPU.ActiveCfg = Release|Any CPU
		{65E27DBD-728D-4162-8ADB-EA3C9FDA2C10}.Release|Any CPU.Build.0 = Release|Any CPU
		{D429BD3E-BE32-4FF3-BE90-33B87FCE7527}.Debug|Any CPU.ActiveCfg = Debug|Any CPU
		{D429BD3E-BE32-4FF3-BE90-33B87FCE7527}.Debug|Any CPU.Build.0 = Debug|Any CPU
		{D429BD3E-BE32-4FF3-BE90-33B87FCE7527}.Release|Any CPU.ActiveCfg = Release|Any CPU
		{D429BD3E-BE32-4FF3-BE90-33B87FCE7527}.Release|Any CPU.Build.0 = Release|Any CPU
	EndGlobalSection
	GlobalSection(NestedProjects) = preSolution
		{C4F23A96-067F-47B9-830E-596AA11785C7} = {137FC505-4DE3-46A0-82A3-0EE5EF874E88}
		{E0323497-C762-410A-B1C3-72543FDB15B6} = {137FC505-4DE3-46A0-82A3-0EE5EF874E88}
		{682CED92-6C49-45DA-A288-BFF56760B8A1} = {137FC505-4DE3-46A0-82A3-0EE5EF874E88}
		{65E27DBD-728D-4162-8ADB-EA3C9FDA2C10} = {137FC505-4DE3-46A0-82A3-0EE5EF874E88}
		{83022342-9E43-447F-8DEE-1C7671646A76} = {137FC505-4DE3-46A0-82A3-0EE5EF874E88}
		{D429BD3E-BE32-4FF3-BE90-33B87FCE7527} = {B76D338F-F250-4ECE-B09E-B1F613FC0B8E}
	EndGlobalSection
EndGlobal
